// !$*UTF8*$!
{
	archiveVersion = 1;
	classes = {
	};
	objectVersion = 46;
	objects = {

/* Begin PBXBuildFile section */
		AD58CE03169AF2BA0047674B /* UIKit.framework in Frameworks */ = {isa = PBXBuildFile; fileRef = AD58CE02169AF2BA0047674B /* UIKit.framework */; };
		AD58CE05169AF2BA0047674B /* Foundation.framework in Frameworks */ = {isa = PBXBuildFile; fileRef = AD58CE04169AF2BA0047674B /* Foundation.framework */; };
		AD58CE07169AF2BA0047674B /* CoreGraphics.framework in Frameworks */ = {isa = PBXBuildFile; fileRef = AD58CE06169AF2BA0047674B /* CoreGraphics.framework */; };
		AD58CE0D169AF2BA0047674B /* InfoPlist.strings in Resources */ = {isa = PBXBuildFile; fileRef = AD58CE0B169AF2BA0047674B /* InfoPlist.strings */; };
		AD58CE0F169AF2BA0047674B /* main.m in Sources */ = {isa = PBXBuildFile; fileRef = AD58CE0E169AF2BA0047674B /* main.m */; };
		AD58CE13169AF2BA0047674B /* AppDelegate.m in Sources */ = {isa = PBXBuildFile; fileRef = AD58CE12169AF2BA0047674B /* AppDelegate.m */; };
		AD58CE15169AF2BA0047674B /* Default.png in Resources */ = {isa = PBXBuildFile; fileRef = AD58CE14169AF2BA0047674B /* Default.png */; };
		AD58CE17169AF2BA0047674B /* Default@2x.png in Resources */ = {isa = PBXBuildFile; fileRef = AD58CE16169AF2BA0047674B /* Default@2x.png */; };
		AD58CE19169AF2BA0047674B /* Default-568h@2x.png in Resources */ = {isa = PBXBuildFile; fileRef = AD58CE18169AF2BA0047674B /* Default-568h@2x.png */; };
		AD58CE1C169AF2BA0047674B /* ViewController.m in Sources */ = {isa = PBXBuildFile; fileRef = AD58CE1B169AF2BA0047674B /* ViewController.m */; };
		AD58CE1F169AF2BA0047674B /* ViewController.xib in Resources */ = {isa = PBXBuildFile; fileRef = AD58CE1D169AF2BA0047674B /* ViewController.xib */; };
/* End PBXBuildFile section */

/* Begin PBXFileReference section */
		AD58CDFE169AF2BA0047674B /* Hypnotoad.app */ = {isa = PBXFileReference; explicitFileType = wrapper.application; includeInIndex = 0; path = Hypnotoad.app; sourceTree = BUILT_PRODUCTS_DIR; };
		AD58CE02169AF2BA0047674B /* UIKit.framework */ = {isa = PBXFileReference; lastKnownFileType = wrapper.framework; name = UIKit.framework; path = System/Library/Frameworks/UIKit.framework; sourceTree = SDKROOT; };
		AD58CE04169AF2BA0047674B /* Foundation.framework */ = {isa = PBXFileReference; lastKnownFileType = wrapper.framework; name = Foundation.framework; path = System/Library/Frameworks/Foundation.framework; sourceTree = SDKROOT; };
		AD58CE06169AF2BA0047674B /* CoreGraphics.framework */ = {isa = PBXFileReference; lastKnownFileType = wrapper.framework; name = CoreGraphics.framework; path = System/Library/Frameworks/CoreGraphics.framework; sourceTree = SDKROOT; };
		AD58CE0A169AF2BA0047674B /* Hypnotoad-Info.plist */ = {isa = PBXFileReference; lastKnownFileType = text.plist.xml; path = "Hypnotoad-Info.plist"; sourceTree = "<group>"; };
		AD58CE0C169AF2BA0047674B /* en */ = {isa = PBXFileReference; lastKnownFileType = text.plist.strings; name = en; path = en.lproj/InfoPlist.strings; sourceTree = "<group>"; };
		AD58CE0E169AF2BA0047674B /* main.m */ = {isa = PBXFileReference; lastKnownFileType = sourcecode.c.objc; path = main.m; sourceTree = "<group>"; };
		AD58CE10169AF2BA0047674B /* Hypnotoad-Prefix.pch */ = {isa = PBXFileReference; lastKnownFileType = sourcecode.c.h; path = "Hypnotoad-Prefix.pch"; sourceTree = "<group>"; };
		AD58CE11169AF2BA0047674B /* AppDelegate.h */ = {isa = PBXFileReference; lastKnownFileType = sourcecode.c.h; path = AppDelegate.h; sourceTree = "<group>"; };
		AD58CE12169AF2BA0047674B /* AppDelegate.m */ = {isa = PBXFileReference; lastKnownFileType = sourcecode.c.objc; path = AppDelegate.m; sourceTree = "<group>"; };
		AD58CE14169AF2BA0047674B /* Default.png */ = {isa = PBXFileReference; lastKnownFileType = image.png; path = Default.png; sourceTree = "<group>"; };
		AD58CE16169AF2BA0047674B /* Default@2x.png */ = {isa = PBXFileReference; lastKnownFileType = image.png; path = "Default@2x.png"; sourceTree = "<group>"; };
		AD58CE18169AF2BA0047674B /* Default-568h@2x.png */ = {isa = PBXFileReference; lastKnownFileType = image.png; path = "Default-568h@2x.png"; sourceTree = "<group>"; };
		AD58CE1A169AF2BA0047674B /* ViewController.h */ = {isa = PBXFileReference; lastKnownFileType = sourcecode.c.h; path = ViewController.h; sourceTree = "<group>"; };
		AD58CE1B169AF2BA0047674B /* ViewController.m */ = {isa = PBXFileReference; lastKnownFileType = sourcecode.c.objc; path = ViewController.m; sourceTree = "<group>"; };
		AD58CE1E169AF2BA0047674B /* en */ = {isa = PBXFileReference; lastKnownFileType = file.xib; name = en; path = en.lproj/ViewController.xib; sourceTree = "<group>"; };
/* End PBXFileReference section */

/* Begin PBXFrameworksBuildPhase section */
		AD58CDFB169AF2BA0047674B /* Frameworks */ = {
			isa = PBXFrameworksBuildPhase;
			buildActionMask = 2147483647;
			files = (
				AD58CE03169AF2BA0047674B /* UIKit.framework in Frameworks */,
				AD58CE05169AF2BA0047674B /* Foundation.framework in Frameworks */,
				AD58CE07169AF2BA0047674B /* CoreGraphics.framework in Frameworks */,
			);
			runOnlyForDeploymentPostprocessing = 0;
		};
/* End PBXFrameworksBuildPhase section */

/* Begin PBXGroup section */
		AD58CDF3169AF2BA0047674B = {
			isa = PBXGroup;
			children = (
				AD58CE08169AF2BA0047674B /* Hypnotoad */,
				AD58CE01169AF2BA0047674B /* Frameworks */,
				AD58CDFF169AF2BA0047674B /* Products */,
			);
			sourceTree = "<group>";
		};
		AD58CDFF169AF2BA0047674B /* Products */ = {
			isa = PBXGroup;
			children = (
				AD58CDFE169AF2BA0047674B /* Hypnotoad.app */,
			);
			name = Products;
			sourceTree = "<group>";
		};
		AD58CE01169AF2BA0047674B /* Frameworks */ = {
			isa = PBXGroup;
			children = (
				AD58CE02169AF2BA0047674B /* UIKit.framework */,
				AD58CE04169AF2BA0047674B /* Foundation.framework */,
				AD58CE06169AF2BA0047674B /* CoreGraphics.framework */,
			);
			name = Frameworks;
			sourceTree = "<group>";
		};
		AD58CE08169AF2BA0047674B /* Hypnotoad */ = {
			isa = PBXGroup;
			children = (
				AD58CE11169AF2BA0047674B /* AppDelegate.h */,
				AD58CE12169AF2BA0047674B /* AppDelegate.m */,
				AD58CE1A169AF2BA0047674B /* ViewController.h */,
				AD58CE1B169AF2BA0047674B /* ViewController.m */,
				AD58CE1D169AF2BA0047674B /* ViewController.xib */,
				AD58CE09169AF2BA0047674B /* Supporting Files */,
			);
			path = Hypnotoad;
			sourceTree = "<group>";
		};
		AD58CE09169AF2BA0047674B /* Supporting Files */ = {
			isa = PBXGroup;
			children = (
				AD58CE0A169AF2BA0047674B /* Hypnotoad-Info.plist */,
				AD58CE0B169AF2BA0047674B /* InfoPlist.strings */,
				AD58CE0E169AF2BA0047674B /* main.m */,
				AD58CE10169AF2BA0047674B /* Hypnotoad-Prefix.pch */,
				AD58CE14169AF2BA0047674B /* Default.png */,
				AD58CE16169AF2BA0047674B /* Default@2x.png */,
				AD58CE18169AF2BA0047674B /* Default-568h@2x.png */,
			);
			name = "Supporting Files";
			sourceTree = "<group>";
		};
/* End PBXGroup section */

/* Begin PBXNativeTarget section */
		AD58CDFD169AF2BA0047674B /* Hypnotoad */ = {
			isa = PBXNativeTarget;
			buildConfigurationList = AD58CE22169AF2BA0047674B /* Build configuration list for PBXNativeTarget "Hypnotoad" */;
			buildPhases = (
				AD58CDFA169AF2BA0047674B /* Sources */,
				AD58CDFB169AF2BA0047674B /* Frameworks */,
				AD58CDFC169AF2BA0047674B /* Resources */,
			);
			buildRules = (
			);
			dependencies = (
			);
			name = Hypnotoad;
			productName = Hypnotoad;
			productReference = AD58CDFE169AF2BA0047674B /* Hypnotoad.app */;
			productType = "com.apple.product-type.application";
		};
/* End PBXNativeTarget section */

/* Begin PBXProject section */
		AD58CDF5169AF2BA0047674B /* Project object */ = {
			isa = PBXProject;
			attributes = {
				LastUpgradeCheck = 0450;
				ORGANIZATIONNAME = "Paul Meinhardt";
			};
			buildConfigurationList = AD58CDF8169AF2BA0047674B /* Build configuration list for PBXProject "Hypnotoad" */;
			compatibilityVersion = "Xcode 3.2";
			developmentRegion = English;
			hasScannedForEncodings = 0;
			knownRegions = (
				en,
			);
			mainGroup = AD58CDF3169AF2BA0047674B;
			productRefGroup = AD58CDFF169AF2BA0047674B /* Products */;
			projectDirPath = "";
			projectRoot = "";
			targets = (
				AD58CDFD169AF2BA0047674B /* Hypnotoad */,
			);
		};
/* End PBXProject section */

/* Begin PBXResourcesBuildPhase section */
		AD58CDFC169AF2BA0047674B /* Resources */ = {
			isa = PBXResourcesBuildPhase;
			buildActionMask = 2147483647;
			files = (
				AD58CE0D169AF2BA0047674B /* InfoPlist.strings in Resources */,
				AD58CE15169AF2BA0047674B /* Default.png in Resources */,
				AD58CE17169AF2BA0047674B /* Default@2x.png in Resources */,
				AD58CE19169AF2BA0047674B /* Default-568h@2x.png in Resources */,
				AD58CE1F169AF2BA0047674B /* ViewController.xib in Resources */,
			);
			runOnlyForDeploymentPostprocessing = 0;
		};
/* End PBXResourcesBuildPhase section */

/* Begin PBXSourcesBuildPhase section */
		AD58CDFA169AF2BA0047674B /* Sources */ = {
			isa = PBXSourcesBuildPhase;
			buildActionMask = 2147483647;
			files = (
				AD58CE0F169AF2BA0047674B /* main.m in Sources */,
				AD58CE13169AF2BA0047674B /* AppDelegate.m in Sources */,
				AD58CE1C169AF2BA0047674B /* ViewController.m in Sources */,
			);
			runOnlyForDeploymentPostprocessing = 0;
		};
/* End PBXSourcesBuildPhase section */

/* Begin PBXVariantGroup section */
		AD58CE0B169AF2BA0047674B /* InfoPlist.strings */ = {
			isa = PBXVariantGroup;
			children = (
				AD58CE0C169AF2BA0047674B /* en */,
			);
			name = InfoPlist.strings;
			sourceTree = "<group>";
		};
		AD58CE1D169AF2BA0047674B /* ViewController.xib */ = {
			isa = PBXVariantGroup;
			children = (
				AD58CE1E169AF2BA0047674B /* en */,
			);
			name = ViewController.xib;
			sourceTree = "<group>";
		};
/* End PBXVariantGroup section */

/* Begin XCBuildConfiguration section */
		AD58CE20169AF2BA0047674B /* Debug */ = {
			isa = XCBuildConfiguration;
			buildSettings = {
				ALWAYS_SEARCH_USER_PATHS = NO;
				CLANG_CXX_LANGUAGE_STANDARD = "gnu++0x";
				CLANG_CXX_LIBRARY = "libc++";
				CLANG_WARN_EMPTY_BODY = YES;
				CLANG_WARN__DUPLICATE_METHOD_MATCH = YES;
				"CODE_SIGN_IDENTITY[sdk=iphoneos*]" = "iPhone Developer";
				COPY_PHASE_STRIP = NO;
				GCC_C_LANGUAGE_STANDARD = gnu99;
				GCC_DYNAMIC_NO_PIC = NO;
				GCC_OPTIMIZATION_LEVEL = 0;
				GCC_PREPROCESSOR_DEFINITIONS = (
					"DEBUG=1",
					"$(inherited)",
				);
				GCC_SYMBOLS_PRIVATE_EXTERN = NO;
				GCC_WARN_ABOUT_RETURN_TYPE = YES;
				GCC_WARN_UNINITIALIZED_AUTOS = YES;
				GCC_WARN_UNUSED_VARIABLE = YES;
				IPHONEOS_DEPLOYMENT_TARGET = 6.0;
				ONLY_ACTIVE_ARCH = YES;
				SDKROOT = iphoneos;
			};
			name = Debug;
		};
		AD58CE21169AF2BA0047674B /* Release */ = {
			isa = XCBuildConfiguration;
			buildSettings = {
				ALWAYS_SEARCH_USER_PATHS = NO;
				CLANG_CXX_LANGUAGE_STANDARD = "gnu++0x";
				CLANG_CXX_LIBRARY = "libc++";
				CLANG_WARN_EMPTY_BODY = YES;
				CLANG_WARN__DUPLICATE_METHOD_MATCH = YES;
				"CODE_SIGN_IDENTITY[sdk=iphoneos*]" = "iPhone Developer";
				COPY_PHASE_STRIP = YES;
				GCC_C_LANGUAGE_STANDARD = gnu99;
				GCC_WARN_ABOUT_RETURN_TYPE = YES;
				GCC_WARN_UNINITIALIZED_AUTOS = YES;
				GCC_WARN_UNUSED_VARIABLE = YES;
				IPHONEOS_DEPLOYMENT_TARGET = 6.0;
				OTHER_CFLAGS = "-DNS_BLOCK_ASSERTIONS=1";
				SDKROOT = iphoneos;
				VALIDATE_PRODUCT = YES;
			};
			name = Release;
		};
		AD58CE23169AF2BA0047674B /* Debug */ = {
			isa = XCBuildConfiguration;
			buildSettings = {
				GCC_PRECOMPILE_PREFIX_HEADER = YES;
				GCC_PREFIX_HEADER = "Hypnotoad/Hypnotoad-Prefix.pch";
				INFOPLIST_FILE = "Hypnotoad/Hypnotoad-Info.plist";
				PRODUCT_NAME = "$(TARGET_NAME)";
				WRAPPER_EXTENSION = app;
			};
			name = Debug;
		};
		AD58CE24169AF2BA0047674B /* Release */ = {
			isa = XCBuildConfiguration;
			buildSettings = {
				GCC_PRECOMPILE_PREFIX_HEADER = YES;
				GCC_PREFIX_HEADER = "Hypnotoad/Hypnotoad-Prefix.pch";
				INFOPLIST_FILE = "Hypnotoad/Hypnotoad-Info.plist";
				PRODUCT_NAME = "$(TARGET_NAME)";
				WRAPPER_EXTENSION = app;
			};
			name = Release;
		};
/* End XCBuildConfiguration section */

/* Begin XCConfigurationList section */
		AD58CDF8169AF2BA0047674B /* Build configuration list for PBXProject "Hypnotoad" */ = {
			isa = XCConfigurationList;
			buildConfigurations = (
				AD58CE20169AF2BA0047674B /* Debug */,
				AD58CE21169AF2BA0047674B /* Release */,
			);
			defaultConfigurationIsVisible = 0;
			defaultConfigurationName = Release;
		};
		AD58CE22169AF2BA0047674B /* Build configuration list for PBXNativeTarget "Hypnotoad" */ = {
			isa = XCConfigurationList;
			buildConfigurations = (
				AD58CE23169AF2BA0047674B /* Debug */,
				AD58CE24169AF2BA0047674B /* Release */,
			);
			defaultConfigurationIsVisible = 0;
		};
/* End XCConfigurationList section */
	};
	rootObject = AD58CDF5169AF2BA0047674B /* Project object */;
}
